
Microsoft Visual Studio Solution File, Format Version 12.00
# Visual Studio Version 17
VisualStudioVersion = 17.4.33110.190
MinimumVisualStudioVersion = 10.0.40219.1
Project("{9A19103F-16F7-4668-BE54-9A1E7A4F7556}") = "EvaSFMLLearn", "EvaSFMLLearn\Source\EvaSFMLLearn.csproj", "{26CE96CC-A4C9-4BBA-B2D6-31E117271483}"
EndProject
Project("{9A19103F-16F7-4668-BE54-9A1E7A4F7556}") = "Eva.Sfml.Learn", "Eva.Sfml.Learn\Source\Eva.Sfml.Learn.csproj", "{0A42A7F6-8891-48F6-8D29-975F387E4CE2}"
EndProject
Global
	GlobalSection(SolutionConfigurationPlatforms) = preSolution
		Debug|Any CPU = Debug|Any CPU
		Release|Any CPU = Release|Any CPU
	EndGlobalSection
	GlobalSection(ProjectConfigurationPlatforms) = postSolution
		{26CE96CC-A4C9-4BBA-B2D6-31E117271483}.Debug|Any CPU.ActiveCfg = Debug|Any CPU
		{26CE96CC-A4C9-4BBA-B2D6-31E117271483}.Debug|Any CPU.Build.0 = Debug|Any CPU
		{26CE96CC-A4C9-4BBA-B2D6-31E117271483}.Release|Any CPU.ActiveCfg = Release|Any CPU
		{26CE96CC-A4C9-4BBA-B2D6-31E117271483}.Release|Any CPU.Build.0 = Release|Any CPU
		{0A42A7F6-8891-48F6-8D29-975F387E4CE2}.Debug|Any CPU.ActiveCfg = Debug|Any CPU
		{0A42A7F6-8891-48F6-8D29-975F387E4CE2}.Debug|Any CPU.Build.0 = Debug|Any CPU
		{0A42A7F6-8891-48F6-8D29-975F387E4CE2}.Release|Any CPU.ActiveCfg = Release|Any CPU
		{0A42A7F6-8891-48F6-8D29-975F387E4CE2}.Release|Any CPU.Build.0 = Release|Any CPU
	EndGlobalSection
	GlobalSection(SolutionProperties) = preSolution
		HideSolutionNode = FALSE
	EndGlobalSection
	GlobalSection(ExtensibilityGlobals) = postSolution
		SolutionGuid = {41E5BA0A-8D2C-4AC2-BB58-25103D7AFE74}
	EndGlobalSection
EndGlobal
