
Microsoft Visual Studio Solution File, Format Version 12.00
# Visual Studio Version 17
VisualStudioVersion = 17.4.33110.190
MinimumVisualStudioVersion = 10.0.40219.1
Project("{9A19103F-16F7-4668-BE54-9A1E7A4F7556}") = "EvaSFMLLearn.TileMap", "EvaSFMLLearn.TileMap\Source\EvaSFMLLearn.TileMap.csproj", "{C6491FCF-1A45-43A9-9D65-455282294027}"
EndProject
Global
	GlobalSection(SolutionConfigurationPlatforms) = preSolution
		Debug|Any CPU = Debug|Any CPU
		Release|Any CPU = Release|Any CPU
	EndGlobalSection
	GlobalSection(ProjectConfigurationPlatforms) = postSolution
		{C6491FCF-1A45-43A9-9D65-455282294027}.Debug|Any CPU.ActiveCfg = Debug|Any CPU
		{C6491FCF-1A45-43A9-9D65-455282294027}.Debug|Any CPU.Build.0 = Debug|Any CPU
		{C6491FCF-1A45-43A9-9D65-455282294027}.Release|Any CPU.ActiveCfg = Release|Any CPU
		{C6491FCF-1A45-43A9-9D65-455282294027}.Release|Any CPU.Build.0 = Release|Any CPU
	EndGlobalSection
	GlobalSection(SolutionProperties) = preSolution
		HideSolutionNode = FALSE
	EndGlobalSection
	GlobalSection(ExtensibilityGlobals) = postSolution
		SolutionGuid = {41E5BA0A-8D2C-4AC2-BB58-25103D7AFE74}
	EndGlobalSection
EndGlobal
